
Microsoft Visual Studio Solution File, Format Version 12.00
# Visual Studio Version 17
VisualStudioVersion = 17.0.31903.59
MinimumVisualStudioVersion = 10.0.40219.1
Project("{2150E333-8FDC-42A3-9474-1A3956D46DE8}") = "src", "src", "{827E0CD3-B72D-47B6-A68D-7590B98EB39B}"
EndProject
Project("{FAE04EC0-301F-11D3-BF4B-00C04F79EFBC}") = "Tools.Numerics", "src\Tools.Numerics\Tools.Numerics.csproj", "{E34B649E-AA59-4EF0-8C59-36D560EBF19F}"
EndProject
Project("{FAE04EC0-301F-11D3-BF4B-00C04F79EFBC}") = "Tools.DataStructures.Hamt", "src\Tools.DataStructures.Hamt\Tools.DataStructures.Hamt.csproj", "{F32C6F58-1B13-4A3C-9623-CED4E9373049}"
EndProject
Project("{FAE04EC0-301F-11D3-BF4B-00C04F79EFBC}") = "Tools.DataStructures.FingerTree", "src\Tools.DataStructures.FingerTree\Tools.DataStructures.FingerTree.csproj", "{14EA5221-3909-4048-87A3-483C09A59604}"
EndProject
Project("{2150E333-8FDC-42A3-9474-1A3956D46DE8}") = "tests", "tests", "{0AB3BF05-4346-4AA6-1389-037BE0695223}"
EndProject
Project("{FAE04EC0-301F-11D3-BF4B-00C04F79EFBC}") = "Tools.Numerics.Tests", "tests\Tools.Numerics.Tests\Tools.Numerics.Tests.csproj", "{F36DDF6D-18AF-4A06-9EE6-C9AE7F6715FE}"
EndProject
Project("{FAE04EC0-301F-11D3-BF4B-00C04F79EFBC}") = "Tools.DataStructures.Hamt.Tests", "tests\Tools.DataStructures.Hamt.Tests\Tools.DataStructures.Hamt.Tests.csproj", "{D7D9AC98-778C-4A7F-A7C9-621C7F3B68AB}"
EndProject
Project("{FAE04EC0-301F-11D3-BF4B-00C04F79EFBC}") = "Tools.DataStructures.FingerTree.Tests", "tests\Tools.DataStructures.FingerTree.Tests\Tools.DataStructures.FingerTree.Tests.csproj", "{9AD7CD6B-3376-4355-87F1-16D8FE693FD5}"
EndProject
Project("{FAE04EC0-301F-11D3-BF4B-00C04F79EFBC}") = "Tools.DataStructures.Tungsten", "src\Tools.DataStructures.Tungsten\Tools.DataStructures.Tungsten.csproj", "{7A1FBFA6-2D34-4E10-9E42-BA3E67F1C0D1}"
EndProject
Project("{FAE04EC0-301F-11D3-BF4B-00C04F79EFBC}") = "Tools.DataStructures.Tungsten.Tests", "tests\Tools.DataStructures.Tungsten.Tests\Tools.DataStructures.Tungsten.Tests.csproj", "{3C58F8D2-9B7E-4D2C-8B1A-52A4C9E7D3F5}"
EndProject
Project("{FAE04EC0-301F-11D3-BF4B-00C04F79EFBC}") = "Tools.DataStructures.FingerTree.Tour", "samples\Tools.DataStructures.FingerTree.Tour\Tools.DataStructures.FingerTree.Tour.csproj", "{754B4083-4205-4DD3-A1CA-A9B4C6FF4FC5}"
EndProject
Project("{FAE04EC0-301F-11D3-BF4B-00C04F79EFBC}") = "Tools.DataStructures.FingerTree.Showcase", "samples\Tools.DataStructures.FingerTree.Showcase\Tools.DataStructures.FingerTree.Showcase.csproj", "{20576C51-70A7-4E87-B218-B685C54F52AC}"
EndProject
Project("{FAE04EC0-301F-11D3-BF4B-00C04F79EFBC}") = "Tools.DataStructures.FingerTree.Editor", "samples\Tools.DataStructures.FingerTree.Editor\Tools.DataStructures.FingerTree.Editor.csproj", "{DBC216D6-DA38-447C-83D8-8A0ED2A7601D}"
EndProject
Project("{2150E333-8FDC-42A3-9474-1A3956D46DE8}") = "samples", "samples", "{5D20AA90-6969-D8BD-9DCD-8634F4692FDA}"
EndProject
Project("{2150E333-8FDC-42A3-9474-1A3956D46DE8}") = "benchmarks", "benchmarks", "{66320409-64EC-F7C5-3DEF-65E7510DAAD1}"
EndProject
Project("{FAE04EC0-301F-11D3-BF4B-00C04F79EFBC}") = "Tools.DataStructures.FingerTree.Benchmarks", "benchmarks\Tools.DataStructures.FingerTree.Benchmarks\Tools.DataStructures.FingerTree.Benchmarks.csproj", "{1BE55BF3-E314-4AA1-8EC0-29C10F76DCC4}"
EndProject
Global
	GlobalSection(SolutionConfigurationPlatforms) = preSolution
		Debug|Any CPU = Debug|Any CPU
		Debug|x64 = Debug|x64
		Debug|x86 = Debug|x86
		Release|Any CPU = Release|Any CPU
		Release|x64 = Release|x64
		Release|x86 = Release|x86
	EndGlobalSection
	GlobalSection(ProjectConfigurationPlatforms) = postSolution
		{E34B649E-AA59-4EF0-8C59-36D560EBF19F}.Debug|Any CPU.ActiveCfg = Debug|Any CPU
		{E34B649E-AA59-4EF0-8C59-36D560EBF19F}.Debug|Any CPU.Build.0 = Debug|Any CPU
		{E34B649E-AA59-4EF0-8C59-36D560EBF19F}.Debug|x64.ActiveCfg = Debug|Any CPU
		{E34B649E-AA59-4EF0-8C59-36D560EBF19F}.Debug|x64.Build.0 = Debug|Any CPU
		{E34B649E-AA59-4EF0-8C59-36D560EBF19F}.Debug|x86.ActiveCfg = Debug|Any CPU
		{E34B649E-AA59-4EF0-8C59-36D560EBF19F}.Debug|x86.Build.0 = Debug|Any CPU
		{E34B649E-AA59-4EF0-8C59-36D560EBF19F}.Release|Any CPU.ActiveCfg = Release|Any CPU
		{E34B649E-AA59-4EF0-8C59-36D560EBF19F}.Release|Any CPU.Build.0 = Release|Any CPU
		{E34B649E-AA59-4EF0-8C59-36D560EBF19F}.Release|x64.ActiveCfg = Release|Any CPU
		{E34B649E-AA59-4EF0-8C59-36D560EBF19F}.Release|x64.Build.0 = Release|Any CPU
		{E34B649E-AA59-4EF0-8C59-36D560EBF19F}.Release|x86.ActiveCfg = Release|Any CPU
		{E34B649E-AA59-4EF0-8C59-36D560EBF19F}.Release|x86.Build.0 = Release|Any CPU
		{F32C6F58-1B13-4A3C-9623-CED4E9373049}.Debug|Any CPU.ActiveCfg = Debug|Any CPU
		{F32C6F58-1B13-4A3C-9623-CED4E9373049}.Debug|Any CPU.Build.0 = Debug|Any CPU
		{F32C6F58-1B13-4A3C-9623-CED4E9373049}.Debug|x64.ActiveCfg = Debug|Any CPU
		{F32C6F58-1B13-4A3C-9623-CED4E9373049}.Debug|x64.Build.0 = Debug|Any CPU
		{F32C6F58-1B13-4A3C-9623-CED4E9373049}.Debug|x86.ActiveCfg = Debug|Any CPU
		{F32C6F58-1B13-4A3C-9623-CED4E9373049}.Debug|x86.Build.0 = Debug|Any CPU
		{F32C6F58-1B13-4A3C-9623-CED4E9373049}.Release|Any CPU.ActiveCfg = Release|Any CPU
		{F32C6F58-1B13-4A3C-9623-CED4E9373049}.Release|Any CPU.Build.0 = Release|Any CPU
		{F32C6F58-1B13-4A3C-9623-CED4E9373049}.Release|x64.ActiveCfg = Release|Any CPU
		{F32C6F58-1B13-4A3C-9623-CED4E9373049}.Release|x64.Build.0 = Release|Any CPU
		{F32C6F58-1B13-4A3C-9623-CED4E9373049}.Release|x86.ActiveCfg = Release|Any CPU
		{F32C6F58-1B13-4A3C-9623-CED4E9373049}.Release|x86.Build.0 = Release|Any CPU
		{14EA5221-3909-4048-87A3-483C09A59604}.Debug|Any CPU.ActiveCfg = Debug|Any CPU
		{14EA5221-3909-4048-87A3-483C09A59604}.Debug|Any CPU.Build.0 = Debug|Any CPU
		{14EA5221-3909-4048-87A3-483C09A59604}.Debug|x64.ActiveCfg = Debug|Any CPU
		{14EA5221-3909-4048-87A3-483C09A59604}.Debug|x64.Build.0 = Debug|Any CPU
		{14EA5221-3909-4048-87A3-483C09A59604}.Debug|x86.ActiveCfg = Debug|Any CPU
		{14EA5221-3909-4048-87A3-483C09A59604}.Debug|x86.Build.0 = Debug|Any CPU
		{14EA5221-3909-4048-87A3-483C09A59604}.Release|Any CPU.ActiveCfg = Release|Any CPU
		{14EA5221-3909-4048-87A3-483C09A59604}.Release|Any CPU.Build.0 = Release|Any CPU
		{14EA5221-3909-4048-87A3-483C09A59604}.Release|x64.ActiveCfg = Release|Any CPU
		{14EA5221-3909-4048-87A3-483C09A59604}.Release|x64.Build.0 = Release|Any CPU
		{14EA5221-3909-4048-87A3-483C09A59604}.Release|x86.ActiveCfg = Release|Any CPU
		{14EA5221-3909-4048-87A3-483C09A59604}.Release|x86.Build.0 = Release|Any CPU
		{F36DDF6D-18AF-4A06-9EE6-C9AE7F6715FE}.Debug|Any CPU.ActiveCfg = Debug|Any CPU
		{F36DDF6D-18AF-4A06-9EE6-C9AE7F6715FE}.Debug|Any CPU.Build.0 = Debug|Any CPU
		{F36DDF6D-18AF-4A06-9EE6-C9AE7F6715FE}.Debug|x64.ActiveCfg = Debug|Any CPU
		{F36DDF6D-18AF-4A06-9EE6-C9AE7F6715FE}.Debug|x64.Build.0 = Debug|Any CPU
		{F36DDF6D-18AF-4A06-9EE6-C9AE7F6715FE}.Debug|x86.ActiveCfg = Debug|Any CPU
		{F36DDF6D-18AF-4A06-9EE6-C9AE7F6715FE}.Debug|x86.Build.0 = Debug|Any CPU
		{F36DDF6D-18AF-4A06-9EE6-C9AE7F6715FE}.Release|Any CPU.ActiveCfg = Release|Any CPU
		{F36DDF6D-18AF-4A06-9EE6-C9AE7F6715FE}.Release|Any CPU.Build.0 = Release|Any CPU
		{F36DDF6D-18AF-4A06-9EE6-C9AE7F6715FE}.Release|x64.ActiveCfg = Release|Any CPU
		{F36DDF6D-18AF-4A06-9EE6-C9AE7F6715FE}.Release|x64.Build.0 = Release|Any CPU
		{F36DDF6D-18AF-4A06-9EE6-C9AE7F6715FE}.Release|x86.ActiveCfg = Release|Any CPU
		{F36DDF6D-18AF-4A06-9EE6-C9AE7F6715FE}.Release|x86.Build.0 = Release|Any CPU
		{D7D9AC98-778C-4A7F-A7C9-621C7F3B68AB}.Debug|Any CPU.ActiveCfg = Debug|Any CPU
		{D7D9AC98-778C-4A7F-A7C9-621C7F3B68AB}.Debug|Any CPU.Build.0 = Debug|Any CPU
		{D7D9AC98-778C-4A7F-A7C9-621C7F3B68AB}.Debug|x64.ActiveCfg = Debug|Any CPU
		{D7D9AC98-778C-4A7F-A7C9-621C7F3B68AB}.Debug|x64.Build.0 = Debug|Any CPU
		{D7D9AC98-778C-4A7F-A7C9-621C7F3B68AB}.Debug|x86.ActiveCfg = Debug|Any CPU
		{D7D9AC98-778C-4A7F-A7C9-621C7F3B68AB}.Debug|x86.Build.0 = Debug|Any CPU
		{D7D9AC98-778C-4A7F-A7C9-621C7F3B68AB}.Release|Any CPU.ActiveCfg = Release|Any CPU
		{D7D9AC98-778C-4A7F-A7C9-621C7F3B68AB}.Release|Any CPU.Build.0 = Release|Any CPU
		{D7D9AC98-778C-4A7F-A7C9-621C7F3B68AB}.Release|x64.ActiveCfg = Release|Any CPU
		{D7D9AC98-778C-4A7F-A7C9-621C7F3B68AB}.Release|x64.Build.0 = Release|Any CPU
		{D7D9AC98-778C-4A7F-A7C9-621C7F3B68AB}.Release|x86.ActiveCfg = Release|Any CPU
		{D7D9AC98-778C-4A7F-A7C9-621C7F3B68AB}.Release|x86.Build.0 = Release|Any CPU
		{9AD7CD6B-3376-4355-87F1-16D8FE693FD5}.Debug|Any CPU.ActiveCfg = Debug|Any CPU
		{9AD7CD6B-3376-4355-87F1-16D8FE693FD5}.Debug|Any CPU.Build.0 = Debug|Any CPU
		{9AD7CD6B-3376-4355-87F1-16D8FE693FD5}.Debug|x64.ActiveCfg = Debug|Any CPU
		{9AD7CD6B-3376-4355-87F1-16D8FE693FD5}.Debug|x64.Build.0 = Debug|Any CPU
		{9AD7CD6B-3376-4355-87F1-16D8FE693FD5}.Debug|x86.ActiveCfg = Debug|Any CPU
		{9AD7CD6B-3376-4355-87F1-16D8FE693FD5}.Debug|x86.Build.0 = Debug|Any CPU
		{9AD7CD6B-3376-4355-87F1-16D8FE693FD5}.Release|Any CPU.ActiveCfg = Release|Any CPU
		{9AD7CD6B-3376-4355-87F1-16D8FE693FD5}.Release|Any CPU.Build.0 = Release|Any CPU
		{9AD7CD6B-3376-4355-87F1-16D8FE693FD5}.Release|x64.ActiveCfg = Release|Any CPU
		{9AD7CD6B-3376-4355-87F1-16D8FE693FD5}.Release|x64.Build.0 = Release|Any CPU
		{9AD7CD6B-3376-4355-87F1-16D8FE693FD5}.Release|x86.ActiveCfg = Release|Any CPU
		{9AD7CD6B-3376-4355-87F1-16D8FE693FD5}.Release|x86.Build.0 = Release|Any CPU
		{754B4083-4205-4DD3-A1CA-A9B4C6FF4FC5}.Debug|Any CPU.ActiveCfg = Debug|Any CPU
		{754B4083-4205-4DD3-A1CA-A9B4C6FF4FC5}.Debug|Any CPU.Build.0 = Debug|Any CPU
		{754B4083-4205-4DD3-A1CA-A9B4C6FF4FC5}.Debug|x64.ActiveCfg = Debug|Any CPU
		{754B4083-4205-4DD3-A1CA-A9B4C6FF4FC5}.Debug|x64.Build.0 = Debug|Any CPU
		{754B4083-4205-4DD3-A1CA-A9B4C6FF4FC5}.Debug|x86.ActiveCfg = Debug|Any CPU
		{754B4083-4205-4DD3-A1CA-A9B4C6FF4FC5}.Debug|x86.Build.0 = Debug|Any CPU
		{754B4083-4205-4DD3-A1CA-A9B4C6FF4FC5}.Release|Any CPU.ActiveCfg = Release|Any CPU
		{754B4083-4205-4DD3-A1CA-A9B4C6FF4FC5}.Release|Any CPU.Build.0 = Release|Any CPU
		{754B4083-4205-4DD3-A1CA-A9B4C6FF4FC5}.Release|x64.ActiveCfg = Release|Any CPU
		{754B4083-4205-4DD3-A1CA-A9B4C6FF4FC5}.Release|x64.Build.0 = Release|Any CPU
		{754B4083-4205-4DD3-A1CA-A9B4C6FF4FC5}.Release|x86.ActiveCfg = Release|Any CPU
		{754B4083-4205-4DD3-A1CA-A9B4C6FF4FC5}.Release|x86.Build.0 = Release|Any CPU
		{20576C51-70A7-4E87-B218-B685C54F52AC}.Debug|Any CPU.ActiveCfg = Debug|Any CPU
		{20576C51-70A7-4E87-B218-B685C54F52AC}.Debug|Any CPU.Build.0 = Debug|Any CPU
		{20576C51-70A7-4E87-B218-B685C54F52AC}.Debug|x64.ActiveCfg = Debug|Any CPU
		{20576C51-70A7-4E87-B218-B685C54F52AC}.Debug|x64.Build.0 = Debug|Any CPU
		{20576C51-70A7-4E87-B218-B685C54F52AC}.Debug|x86.ActiveCfg = Debug|Any CPU
		{20576C51-70A7-4E87-B218-B685C54F52AC}.Debug|x86.Build.0 = Debug|Any CPU
		{20576C51-70A7-4E87-B218-B685C54F52AC}.Release|Any CPU.ActiveCfg = Release|Any CPU
		{20576C51-70A7-4E87-B218-B685C54F52AC}.Release|Any CPU.Build.0 = Release|Any CPU
		{20576C51-70A7-4E87-B218-B685C54F52AC}.Release|x64.ActiveCfg = Release|Any CPU
		{20576C51-70A7-4E87-B218-B685C54F52AC}.Release|x64.Build.0 = Release|Any CPU
		{20576C51-70A7-4E87-B218-B685C54F52AC}.Release|x86.ActiveCfg = Release|Any CPU
		{20576C51-70A7-4E87-B218-B685C54F52AC}.Release|x86.Build.0 = Release|Any CPU
		{DBC216D6-DA38-447C-83D8-8A0ED2A7601D}.Debug|Any CPU.ActiveCfg = Debug|Any CPU
		{DBC216D6-DA38-447C-83D8-8A0ED2A7601D}.Debug|Any CPU.Build.0 = Debug|Any CPU
		{DBC216D6-DA38-447C-83D8-8A0ED2A7601D}.Debug|x64.ActiveCfg = Debug|Any CPU
		{DBC216D6-DA38-447C-83D8-8A0ED2A7601D}.Debug|x64.Build.0 = Debug|Any CPU
		{DBC216D6-DA38-447C-83D8-8A0ED2A7601D}.Debug|x86.ActiveCfg = Debug|Any CPU
		{DBC216D6-DA38-447C-83D8-8A0ED2A7601D}.Debug|x86.Build.0 = Debug|Any CPU
		{DBC216D6-DA38-447C-83D8-8A0ED2A7601D}.Release|Any CPU.ActiveCfg = Release|Any CPU
		{DBC216D6-DA38-447C-83D8-8A0ED2A7601D}.Release|Any CPU.Build.0 = Release|Any CPU
		{DBC216D6-DA38-447C-83D8-8A0ED2A7601D}.Release|x64.ActiveCfg = Release|Any CPU
		{DBC216D6-DA38-447C-83D8-8A0ED2A7601D}.Release|x64.Build.0 = Release|Any CPU
		{DBC216D6-DA38-447C-83D8-8A0ED2A7601D}.Release|x86.ActiveCfg = Release|Any CPU
		{DBC216D6-DA38-447C-83D8-8A0ED2A7601D}.Release|x86.Build.0 = Release|Any CPU
		{1BE55BF3-E314-4AA1-8EC0-29C10F76DCC4}.Debug|Any CPU.ActiveCfg = Debug|Any CPU
		{1BE55BF3-E314-4AA1-8EC0-29C10F76DCC4}.Debug|Any CPU.Build.0 = Debug|Any CPU
		{1BE55BF3-E314-4AA1-8EC0-29C10F76DCC4}.Debug|x64.ActiveCfg = Debug|Any CPU
		{1BE55BF3-E314-4AA1-8EC0-29C10F76DCC4}.Debug|x64.Build.0 = Debug|Any CPU
		{1BE55BF3-E314-4AA1-8EC0-29C10F76DCC4}.Debug|x86.ActiveCfg = Debug|Any CPU
		{1BE55BF3-E314-4AA1-8EC0-29C10F76DCC4}.Debug|x86.Build.0 = Debug|Any CPU
		{1BE55BF3-E314-4AA1-8EC0-29C10F76DCC4}.Release|Any CPU.ActiveCfg = Release|Any CPU
		{1BE55BF3-E314-4AA1-8EC0-29C10F76DCC4}.Release|Any CPU.Build.0 = Release|Any CPU
		{1BE55BF3-E314-4AA1-8EC0-29C10F76DCC4}.Release|x64.ActiveCfg = Release|Any CPU
		{1BE55BF3-E314-4AA1-8EC0-29C10F76DCC4}.Release|x64.Build.0 = Release|Any CPU
		{1BE55BF3-E314-4AA1-8EC0-29C10F76DCC4}.Release|x86.ActiveCfg = Release|Any CPU
		{1BE55BF3-E314-4AA1-8EC0-29C10F76DCC4}.Release|x86.Build.0 = Release|Any CPU
		{7A1FBFA6-2D34-4E10-9E42-BA3E67F1C0D1}.Debug|Any CPU.ActiveCfg = Debug|Any CPU
		{7A1FBFA6-2D34-4E10-9E42-BA3E67F1C0D1}.Debug|Any CPU.Build.0 = Debug|Any CPU
		{7A1FBFA6-2D34-4E10-9E42-BA3E67F1C0D1}.Debug|x64.ActiveCfg = Debug|Any CPU
		{7A1FBFA6-2D34-4E10-9E42-BA3E67F1C0D1}.Debug|x64.Build.0 = Debug|Any CPU
		{7A1FBFA6-2D34-4E10-9E42-BA3E67F1C0D1}.Debug|x86.ActiveCfg = Debug|Any CPU
		{7A1FBFA6-2D34-4E10-9E42-BA3E67F1C0D1}.Debug|x86.Build.0 = Debug|Any CPU
		{7A1FBFA6-2D34-4E10-9E42-BA3E67F1C0D1}.Release|Any CPU.ActiveCfg = Release|Any CPU
		{7A1FBFA6-2D34-4E10-9E42-BA3E67F1C0D1}.Release|Any CPU.Build.0 = Release|Any CPU
		{7A1FBFA6-2D34-4E10-9E42-BA3E67F1C0D1}.Release|x64.ActiveCfg = Release|Any CPU
		{7A1FBFA6-2D34-4E10-9E42-BA3E67F1C0D1}.Release|x64.Build.0 = Release|Any CPU
		{7A1FBFA6-2D34-4E10-9E42-BA3E67F1C0D1}.Release|x86.ActiveCfg = Release|Any CPU
		{7A1FBFA6-2D34-4E10-9E42-BA3E67F1C0D1}.Release|x86.Build.0 = Release|Any CPU
		{3C58F8D2-9B7E-4D2C-8B1A-52A4C9E7D3F5}.Debug|Any CPU.ActiveCfg = Debug|Any CPU
		{3C58F8D2-9B7E-4D2C-8B1A-52A4C9E7D3F5}.Debug|Any CPU.Build.0 = Debug|Any CPU
		{3C58F8D2-9B7E-4D2C-8B1A-52A4C9E7D3F5}.Debug|x64.ActiveCfg = Debug|Any CPU
		{3C58F8D2-9B7E-4D2C-8B1A-52A4C9E7D3F5}.Debug|x64.Build.0 = Debug|Any CPU
		{3C58F8D2-9B7E-4D2C-8B1A-52A4C9E7D3F5}.Debug|x86.ActiveCfg = Debug|Any CPU
		{3C58F8D2-9B7E-4D2C-8B1A-52A4C9E7D3F5}.Debug|x86.Build.0 = Debug|Any CPU
		{3C58F8D2-9B7E-4D2C-8B1A-52A4C9E7D3F5}.Release|Any CPU.ActiveCfg = Release|Any CPU
		{3C58F8D2-9B7E-4D2C-8B1A-52A4C9E7D3F5}.Release|Any CPU.Build.0 = Release|Any CPU
		{3C58F8D2-9B7E-4D2C-8B1A-52A4C9E7D3F5}.Release|x64.ActiveCfg = Release|Any CPU
		{3C58F8D2-9B7E-4D2C-8B1A-52A4C9E7D3F5}.Release|x64.Build.0 = Release|Any CPU
		{3C58F8D2-9B7E-4D2C-8B1A-52A4C9E7D3F5}.Release|x86.ActiveCfg = Release|Any CPU
		{3C58F8D2-9B7E-4D2C-8B1A-52A4C9E7D3F5}.Release|x86.Build.0 = Release|Any CPU
	EndGlobalSection
	GlobalSection(SolutionProperties) = preSolution
		HideSolutionNode = FALSE
	EndGlobalSection
	GlobalSection(NestedProjects) = preSolution
		{E34B649E-AA59-4EF0-8C59-36D560EBF19F} = {827E0CD3-B72D-47B6-A68D-7590B98EB39B}
		{F32C6F58-1B13-4A3C-9623-CED4E9373049} = {827E0CD3-B72D-47B6-A68D-7590B98EB39B}
		{14EA5221-3909-4048-87A3-483C09A59604} = {827E0CD3-B72D-47B6-A68D-7590B98EB39B}
		{F36DDF6D-18AF-4A06-9EE6-C9AE7F6715FE} = {0AB3BF05-4346-4AA6-1389-037BE0695223}
		{D7D9AC98-778C-4A7F-A7C9-621C7F3B68AB} = {0AB3BF05-4346-4AA6-1389-037BE0695223}
		{9AD7CD6B-3376-4355-87F1-16D8FE693FD5} = {0AB3BF05-4346-4AA6-1389-037BE0695223}
		{754B4083-4205-4DD3-A1CA-A9B4C6FF4FC5} = {5D20AA90-6969-D8BD-9DCD-8634F4692FDA}
		{20576C51-70A7-4E87-B218-B685C54F52AC} = {5D20AA90-6969-D8BD-9DCD-8634F4692FDA}
		{DBC216D6-DA38-447C-83D8-8A0ED2A7601D} = {5D20AA90-6969-D8BD-9DCD-8634F4692FDA}
		{1BE55BF3-E314-4AA1-8EC0-29C10F76DCC4} = {66320409-64EC-F7C5-3DEF-65E7510DAAD1}
		{7A1FBFA6-2D34-4E10-9E42-BA3E67F1C0D1} = {827E0CD3-B72D-47B6-A68D-7590B98EB39B}
		{3C58F8D2-9B7E-4D2C-8B1A-52A4C9E7D3F5} = {0AB3BF05-4346-4AA6-1389-037BE0695223}
	EndGlobalSection
EndGlobal
