
Microsoft Visual Studio Solution File, Format Version 12.00
# Visual Studio Version 17
VisualStudioVersion = 17.0.31903.59
MinimumVisualStudioVersion = 10.0.40219.1
Project("{2150E333-8FDC-42A3-9474-1A3956D46DE8}") = "src", "src", "{827E0CD3-B72D-47B6-A68D-7590B98EB39B}"
EndProject
Project("{FAE04EC0-301F-11D3-BF4B-00C04F79EFBC}") = "Durable7.Hamt", "src\Durable7.Hamt\Durable7.Hamt.csproj", "{F32C6F58-1B13-4A3C-9623-CED4E9373049}"
EndProject
Project("{FAE04EC0-301F-11D3-BF4B-00C04F79EFBC}") = "Durable7.FingerTree", "src\Durable7.FingerTree\Durable7.FingerTree.csproj", "{14EA5221-3909-4048-87A3-483C09A59604}"
EndProject
Project("{FAE04EC0-301F-11D3-BF4B-00C04F79EFBC}") = "Durable7.Ordered", "src\Durable7.Ordered\Durable7.Ordered.csproj", "{A41B8C78-6D29-4E2B-9F14-6C07B5D83A21}"
EndProject
Project("{2150E333-8FDC-42A3-9474-1A3956D46DE8}") = "tests", "tests", "{0AB3BF05-4346-4AA6-1389-037BE0695223}"
EndProject
Project("{FAE04EC0-301F-11D3-BF4B-00C04F79EFBC}") = "Durable7.Hamt.Tests", "tests\Durable7.Hamt.Tests\Durable7.Hamt.Tests.csproj", "{D7D9AC98-778C-4A7F-A7C9-621C7F3B68AB}"
EndProject
Project("{FAE04EC0-301F-11D3-BF4B-00C04F79EFBC}") = "Durable7.FingerTree.Tests", "tests\Durable7.FingerTree.Tests\Durable7.FingerTree.Tests.csproj", "{9AD7CD6B-3376-4355-87F1-16D8FE693FD5}"
EndProject
Project("{FAE04EC0-301F-11D3-BF4B-00C04F79EFBC}") = "Durable7.Ordered.Tests", "tests\Durable7.Ordered.Tests\Durable7.Ordered.Tests.csproj", "{C92E1F36-7A84-4B5C-8D19-2E60F3A741B8}"
EndProject
Project("{FAE04EC0-301F-11D3-BF4B-00C04F79EFBC}") = "Durable7.FingerTree.Tour", "samples\Durable7.FingerTree.Tour\Durable7.FingerTree.Tour.csproj", "{754B4083-4205-4DD3-A1CA-A9B4C6FF4FC5}"
EndProject
Project("{FAE04EC0-301F-11D3-BF4B-00C04F79EFBC}") = "Durable7.FingerTree.Showcase", "samples\Durable7.FingerTree.Showcase\Durable7.FingerTree.Showcase.csproj", "{20576C51-70A7-4E87-B218-B685C54F52AC}"
EndProject
Project("{FAE04EC0-301F-11D3-BF4B-00C04F79EFBC}") = "Durable7.FingerTree.Editor", "samples\Durable7.FingerTree.Editor\Durable7.FingerTree.Editor.csproj", "{DBC216D6-DA38-447C-83D8-8A0ED2A7601D}"
EndProject
Project("{2150E333-8FDC-42A3-9474-1A3956D46DE8}") = "samples", "samples", "{5D20AA90-6969-D8BD-9DCD-8634F4692FDA}"
EndProject
Project("{2150E333-8FDC-42A3-9474-1A3956D46DE8}") = "benchmarks", "benchmarks", "{66320409-64EC-F7C5-3DEF-65E7510DAAD1}"
EndProject
Project("{FAE04EC0-301F-11D3-BF4B-00C04F79EFBC}") = "Durable7.FingerTree.Benchmarks", "benchmarks\Durable7.FingerTree.Benchmarks\Durable7.FingerTree.Benchmarks.csproj", "{1BE55BF3-E314-4AA1-8EC0-29C10F76DCC4}"
EndProject
Global
	GlobalSection(SolutionConfigurationPlatforms) = preSolution
		Debug|Any CPU = Debug|Any CPU
		Debug|x64 = Debug|x64
		Debug|x86 = Debug|x86
		Release|Any CPU = Release|Any CPU
		Release|x64 = Release|x64
		Release|x86 = Release|x86
	EndGlobalSection
	GlobalSection(ProjectConfigurationPlatforms) = postSolution
		{F32C6F58-1B13-4A3C-9623-CED4E9373049}.Debug|Any CPU.ActiveCfg = Debug|Any CPU
		{F32C6F58-1B13-4A3C-9623-CED4E9373049}.Debug|Any CPU.Build.0 = Debug|Any CPU
		{F32C6F58-1B13-4A3C-9623-CED4E9373049}.Debug|x64.ActiveCfg = Debug|Any CPU
		{F32C6F58-1B13-4A3C-9623-CED4E9373049}.Debug|x64.Build.0 = Debug|Any CPU
		{F32C6F58-1B13-4A3C-9623-CED4E9373049}.Debug|x86.ActiveCfg = Debug|Any CPU
		{F32C6F58-1B13-4A3C-9623-CED4E9373049}.Debug|x86.Build.0 = Debug|Any CPU
		{F32C6F58-1B13-4A3C-9623-CED4E9373049}.Release|Any CPU.ActiveCfg = Release|Any CPU
		{F32C6F58-1B13-4A3C-9623-CED4E9373049}.Release|Any CPU.Build.0 = Release|Any CPU
		{F32C6F58-1B13-4A3C-9623-CED4E9373049}.Release|x64.ActiveCfg = Release|Any CPU
		{F32C6F58-1B13-4A3C-9623-CED4E9373049}.Release|x64.Build.0 = Release|Any CPU
		{F32C6F58-1B13-4A3C-9623-CED4E9373049}.Release|x86.ActiveCfg = Release|Any CPU
		{F32C6F58-1B13-4A3C-9623-CED4E9373049}.Release|x86.Build.0 = Release|Any CPU
		{14EA5221-3909-4048-87A3-483C09A59604}.Debug|Any CPU.ActiveCfg = Debug|Any CPU
		{14EA5221-3909-4048-87A3-483C09A59604}.Debug|Any CPU.Build.0 = Debug|Any CPU
		{14EA5221-3909-4048-87A3-483C09A59604}.Debug|x64.ActiveCfg = Debug|Any CPU
		{14EA5221-3909-4048-87A3-483C09A59604}.Debug|x64.Build.0 = Debug|Any CPU
		{14EA5221-3909-4048-87A3-483C09A59604}.Debug|x86.ActiveCfg = Debug|Any CPU
		{14EA5221-3909-4048-87A3-483C09A59604}.Debug|x86.Build.0 = Debug|Any CPU
		{14EA5221-3909-4048-87A3-483C09A59604}.Release|Any CPU.ActiveCfg = Release|Any CPU
		{14EA5221-3909-4048-87A3-483C09A59604}.Release|Any CPU.Build.0 = Release|Any CPU
		{14EA5221-3909-4048-87A3-483C09A59604}.Release|x64.ActiveCfg = Release|Any CPU
		{14EA5221-3909-4048-87A3-483C09A59604}.Release|x64.Build.0 = Release|Any CPU
		{14EA5221-3909-4048-87A3-483C09A59604}.Release|x86.ActiveCfg = Release|Any CPU
		{14EA5221-3909-4048-87A3-483C09A59604}.Release|x86.Build.0 = Release|Any CPU
		{A41B8C78-6D29-4E2B-9F14-6C07B5D83A21}.Debug|Any CPU.ActiveCfg = Debug|Any CPU
		{A41B8C78-6D29-4E2B-9F14-6C07B5D83A21}.Debug|Any CPU.Build.0 = Debug|Any CPU
		{A41B8C78-6D29-4E2B-9F14-6C07B5D83A21}.Debug|x64.ActiveCfg = Debug|Any CPU
		{A41B8C78-6D29-4E2B-9F14-6C07B5D83A21}.Debug|x64.Build.0 = Debug|Any CPU
		{A41B8C78-6D29-4E2B-9F14-6C07B5D83A21}.Debug|x86.ActiveCfg = Debug|Any CPU
		{A41B8C78-6D29-4E2B-9F14-6C07B5D83A21}.Debug|x86.Build.0 = Debug|Any CPU
		{A41B8C78-6D29-4E2B-9F14-6C07B5D83A21}.Release|Any CPU.ActiveCfg = Release|Any CPU
		{A41B8C78-6D29-4E2B-9F14-6C07B5D83A21}.Release|Any CPU.Build.0 = Release|Any CPU
		{A41B8C78-6D29-4E2B-9F14-6C07B5D83A21}.Release|x64.ActiveCfg = Release|Any CPU
		{A41B8C78-6D29-4E2B-9F14-6C07B5D83A21}.Release|x64.Build.0 = Release|Any CPU
		{A41B8C78-6D29-4E2B-9F14-6C07B5D83A21}.Release|x86.ActiveCfg = Release|Any CPU
		{A41B8C78-6D29-4E2B-9F14-6C07B5D83A21}.Release|x86.Build.0 = Release|Any CPU
		{D7D9AC98-778C-4A7F-A7C9-621C7F3B68AB}.Debug|Any CPU.ActiveCfg = Debug|Any CPU
		{D7D9AC98-778C-4A7F-A7C9-621C7F3B68AB}.Debug|Any CPU.Build.0 = Debug|Any CPU
		{D7D9AC98-778C-4A7F-A7C9-621C7F3B68AB}.Debug|x64.ActiveCfg = Debug|Any CPU
		{D7D9AC98-778C-4A7F-A7C9-621C7F3B68AB}.Debug|x64.Build.0 = Debug|Any CPU
		{D7D9AC98-778C-4A7F-A7C9-621C7F3B68AB}.Debug|x86.ActiveCfg = Debug|Any CPU
		{D7D9AC98-778C-4A7F-A7C9-621C7F3B68AB}.Debug|x86.Build.0 = Debug|Any CPU
		{D7D9AC98-778C-4A7F-A7C9-621C7F3B68AB}.Release|Any CPU.ActiveCfg = Release|Any CPU
		{D7D9AC98-778C-4A7F-A7C9-621C7F3B68AB}.Release|Any CPU.Build.0 = Release|Any CPU
		{D7D9AC98-778C-4A7F-A7C9-621C7F3B68AB}.Release|x64.ActiveCfg = Release|Any CPU
		{D7D9AC98-778C-4A7F-A7C9-621C7F3B68AB}.Release|x64.Build.0 = Release|Any CPU
		{D7D9AC98-778C-4A7F-A7C9-621C7F3B68AB}.Release|x86.ActiveCfg = Release|Any CPU
		{D7D9AC98-778C-4A7F-A7C9-621C7F3B68AB}.Release|x86.Build.0 = Release|Any CPU
		{9AD7CD6B-3376-4355-87F1-16D8FE693FD5}.Debug|Any CPU.ActiveCfg = Debug|Any CPU
		{9AD7CD6B-3376-4355-87F1-16D8FE693FD5}.Debug|Any CPU.Build.0 = Debug|Any CPU
		{9AD7CD6B-3376-4355-87F1-16D8FE693FD5}.Debug|x64.ActiveCfg = Debug|Any CPU
		{9AD7CD6B-3376-4355-87F1-16D8FE693FD5}.Debug|x64.Build.0 = Debug|Any CPU
		{9AD7CD6B-3376-4355-87F1-16D8FE693FD5}.Debug|x86.ActiveCfg = Debug|Any CPU
		{9AD7CD6B-3376-4355-87F1-16D8FE693FD5}.Debug|x86.Build.0 = Debug|Any CPU
		{9AD7CD6B-3376-4355-87F1-16D8FE693FD5}.Release|Any CPU.ActiveCfg = Release|Any CPU
		{9AD7CD6B-3376-4355-87F1-16D8FE693FD5}.Release|Any CPU.Build.0 = Release|Any CPU
		{9AD7CD6B-3376-4355-87F1-16D8FE693FD5}.Release|x64.ActiveCfg = Release|Any CPU
		{9AD7CD6B-3376-4355-87F1-16D8FE693FD5}.Release|x64.Build.0 = Release|Any CPU
		{9AD7CD6B-3376-4355-87F1-16D8FE693FD5}.Release|x86.ActiveCfg = Release|Any CPU
		{9AD7CD6B-3376-4355-87F1-16D8FE693FD5}.Release|x86.Build.0 = Release|Any CPU
		{C92E1F36-7A84-4B5C-8D19-2E60F3A741B8}.Debug|Any CPU.ActiveCfg = Debug|Any CPU
		{C92E1F36-7A84-4B5C-8D19-2E60F3A741B8}.Debug|Any CPU.Build.0 = Debug|Any CPU
		{C92E1F36-7A84-4B5C-8D19-2E60F3A741B8}.Debug|x64.ActiveCfg = Debug|Any CPU
		{C92E1F36-7A84-4B5C-8D19-2E60F3A741B8}.Debug|x64.Build.0 = Debug|Any CPU
		{C92E1F36-7A84-4B5C-8D19-2E60F3A741B8}.Debug|x86.ActiveCfg = Debug|Any CPU
		{C92E1F36-7A84-4B5C-8D19-2E60F3A741B8}.Debug|x86.Build.0 = Debug|Any CPU
		{C92E1F36-7A84-4B5C-8D19-2E60F3A741B8}.Release|Any CPU.ActiveCfg = Release|Any CPU
		{C92E1F36-7A84-4B5C-8D19-2E60F3A741B8}.Release|Any CPU.Build.0 = Release|Any CPU
		{C92E1F36-7A84-4B5C-8D19-2E60F3A741B8}.Release|x64.ActiveCfg = Release|Any CPU
		{C92E1F36-7A84-4B5C-8D19-2E60F3A741B8}.Release|x64.Build.0 = Release|Any CPU
		{C92E1F36-7A84-4B5C-8D19-2E60F3A741B8}.Release|x86.ActiveCfg = Release|Any CPU
		{C92E1F36-7A84-4B5C-8D19-2E60F3A741B8}.Release|x86.Build.0 = Release|Any CPU
		{754B4083-4205-4DD3-A1CA-A9B4C6FF4FC5}.Debug|Any CPU.ActiveCfg = Debug|Any CPU
		{754B4083-4205-4DD3-A1CA-A9B4C6FF4FC5}.Debug|Any CPU.Build.0 = Debug|Any CPU
		{754B4083-4205-4DD3-A1CA-A9B4C6FF4FC5}.Debug|x64.ActiveCfg = Debug|Any CPU
		{754B4083-4205-4DD3-A1CA-A9B4C6FF4FC5}.Debug|x64.Build.0 = Debug|Any CPU
		{754B4083-4205-4DD3-A1CA-A9B4C6FF4FC5}.Debug|x86.ActiveCfg = Debug|Any CPU
		{754B4083-4205-4DD3-A1CA-A9B4C6FF4FC5}.Debug|x86.Build.0 = Debug|Any CPU
		{754B4083-4205-4DD3-A1CA-A9B4C6FF4FC5}.Release|Any CPU.ActiveCfg = Release|Any CPU
		{754B4083-4205-4DD3-A1CA-A9B4C6FF4FC5}.Release|Any CPU.Build.0 = Release|Any CPU
		{754B4083-4205-4DD3-A1CA-A9B4C6FF4FC5}.Release|x64.ActiveCfg = Release|Any CPU
		{754B4083-4205-4DD3-A1CA-A9B4C6FF4FC5}.Release|x64.Build.0 = Release|Any CPU
		{754B4083-4205-4DD3-A1CA-A9B4C6FF4FC5}.Release|x86.ActiveCfg = Release|Any CPU
		{754B4083-4205-4DD3-A1CA-A9B4C6FF4FC5}.Release|x86.Build.0 = Release|Any CPU
		{20576C51-70A7-4E87-B218-B685C54F52AC}.Debug|Any CPU.ActiveCfg = Debug|Any CPU
		{20576C51-70A7-4E87-B218-B685C54F52AC}.Debug|Any CPU.Build.0 = Debug|Any CPU
		{20576C51-70A7-4E87-B218-B685C54F52AC}.Debug|x64.ActiveCfg = Debug|Any CPU
		{20576C51-70A7-4E87-B218-B685C54F52AC}.Debug|x64.Build.0 = Debug|Any CPU
		{20576C51-70A7-4E87-B218-B685C54F52AC}.Debug|x86.ActiveCfg = Debug|Any CPU
		{20576C51-70A7-4E87-B218-B685C54F52AC}.Debug|x86.Build.0 = Debug|Any CPU
		{20576C51-70A7-4E87-B218-B685C54F52AC}.Release|Any CPU.ActiveCfg = Release|Any CPU
		{20576C51-70A7-4E87-B218-B685C54F52AC}.Release|Any CPU.Build.0 = Release|Any CPU
		{20576C51-70A7-4E87-B218-B685C54F52AC}.Release|x64.ActiveCfg = Release|Any CPU
		{20576C51-70A7-4E87-B218-B685C54F52AC}.Release|x64.Build.0 = Release|Any CPU
		{20576C51-70A7-4E87-B218-B685C54F52AC}.Release|x86.ActiveCfg = Release|Any CPU
		{20576C51-70A7-4E87-B218-B685C54F52AC}.Release|x86.Build.0 = Release|Any CPU
		{DBC216D6-DA38-447C-83D8-8A0ED2A7601D}.Debug|Any CPU.ActiveCfg = Debug|Any CPU
		{DBC216D6-DA38-447C-83D8-8A0ED2A7601D}.Debug|Any CPU.Build.0 = Debug|Any CPU
		{DBC216D6-DA38-447C-83D8-8A0ED2A7601D}.Debug|x64.ActiveCfg = Debug|Any CPU
		{DBC216D6-DA38-447C-83D8-8A0ED2A7601D}.Debug|x64.Build.0 = Debug|Any CPU
		{DBC216D6-DA38-447C-83D8-8A0ED2A7601D}.Debug|x86.ActiveCfg = Debug|Any CPU
		{DBC216D6-DA38-447C-83D8-8A0ED2A7601D}.Debug|x86.Build.0 = Debug|Any CPU
		{DBC216D6-DA38-447C-83D8-8A0ED2A7601D}.Release|Any CPU.ActiveCfg = Release|Any CPU
		{DBC216D6-DA38-447C-83D8-8A0ED2A7601D}.Release|Any CPU.Build.0 = Release|Any CPU
		{DBC216D6-DA38-447C-83D8-8A0ED2A7601D}.Release|x64.ActiveCfg = Release|Any CPU
		{DBC216D6-DA38-447C-83D8-8A0ED2A7601D}.Release|x64.Build.0 = Release|Any CPU
		{DBC216D6-DA38-447C-83D8-8A0ED2A7601D}.Release|x86.ActiveCfg = Release|Any CPU
		{DBC216D6-DA38-447C-83D8-8A0ED2A7601D}.Release|x86.Build.0 = Release|Any CPU
		{1BE55BF3-E314-4AA1-8EC0-29C10F76DCC4}.Debug|Any CPU.ActiveCfg = Debug|Any CPU
		{1BE55BF3-E314-4AA1-8EC0-29C10F76DCC4}.Debug|Any CPU.Build.0 = Debug|Any CPU
		{1BE55BF3-E314-4AA1-8EC0-29C10F76DCC4}.Debug|x64.ActiveCfg = Debug|Any CPU
		{1BE55BF3-E314-4AA1-8EC0-29C10F76DCC4}.Debug|x64.Build.0 = Debug|Any CPU
		{1BE55BF3-E314-4AA1-8EC0-29C10F76DCC4}.Debug|x86.ActiveCfg = Debug|Any CPU
		{1BE55BF3-E314-4AA1-8EC0-29C10F76DCC4}.Debug|x86.Build.0 = Debug|Any CPU
		{1BE55BF3-E314-4AA1-8EC0-29C10F76DCC4}.Release|Any CPU.ActiveCfg = Release|Any CPU
		{1BE55BF3-E314-4AA1-8EC0-29C10F76DCC4}.Release|Any CPU.Build.0 = Release|Any CPU
		{1BE55BF3-E314-4AA1-8EC0-29C10F76DCC4}.Release|x64.ActiveCfg = Release|Any CPU
		{1BE55BF3-E314-4AA1-8EC0-29C10F76DCC4}.Release|x64.Build.0 = Release|Any CPU
		{1BE55BF3-E314-4AA1-8EC0-29C10F76DCC4}.Release|x86.ActiveCfg = Release|Any CPU
		{1BE55BF3-E314-4AA1-8EC0-29C10F76DCC4}.Release|x86.Build.0 = Release|Any CPU
	EndGlobalSection
	GlobalSection(SolutionProperties) = preSolution
		HideSolutionNode = FALSE
	EndGlobalSection
	GlobalSection(NestedProjects) = preSolution
		{F32C6F58-1B13-4A3C-9623-CED4E9373049} = {827E0CD3-B72D-47B6-A68D-7590B98EB39B}
		{14EA5221-3909-4048-87A3-483C09A59604} = {827E0CD3-B72D-47B6-A68D-7590B98EB39B}
		{A41B8C78-6D29-4E2B-9F14-6C07B5D83A21} = {827E0CD3-B72D-47B6-A68D-7590B98EB39B}
		{D7D9AC98-778C-4A7F-A7C9-621C7F3B68AB} = {0AB3BF05-4346-4AA6-1389-037BE0695223}
		{9AD7CD6B-3376-4355-87F1-16D8FE693FD5} = {0AB3BF05-4346-4AA6-1389-037BE0695223}
		{C92E1F36-7A84-4B5C-8D19-2E60F3A741B8} = {0AB3BF05-4346-4AA6-1389-037BE0695223}
		{754B4083-4205-4DD3-A1CA-A9B4C6FF4FC5} = {5D20AA90-6969-D8BD-9DCD-8634F4692FDA}
		{20576C51-70A7-4E87-B218-B685C54F52AC} = {5D20AA90-6969-D8BD-9DCD-8634F4692FDA}
		{DBC216D6-DA38-447C-83D8-8A0ED2A7601D} = {5D20AA90-6969-D8BD-9DCD-8634F4692FDA}
		{1BE55BF3-E314-4AA1-8EC0-29C10F76DCC4} = {66320409-64EC-F7C5-3DEF-65E7510DAAD1}
	EndGlobalSection
EndGlobal
