# This file is automatically @generated by Cargo.
# It is not intended for manual editing.
version = 4

[[package]]
name = "tools-data-structures-fingertree"
version = "0.1.0"

[[package]]
name = "tools-data-structures-hamt"
version = "0.1.0"

[[package]]
name = "tools-data-structures-tungsten"
version = "0.1.0"
dependencies = [
 "tools-data-structures-fingertree",
 "tools-data-structures-hamt",
]
